// !$*UTF8*$!
{
	archiveVersion = 1;
	classes = {
	};
	objectVersion = 46;
	objects = {

/* Begin PBXBuildFile section */
		7F6BB6411851B4D5006D565F /* Foundation.framework in Frameworks */ = {isa = PBXBuildFile; fileRef = 7F6BB6401851B4D5006D565F /* Foundation.framework */; };
		7F6BB6431851B4D5006D565F /* CoreGraphics.framework in Frameworks */ = {isa = PBXBuildFile; fileRef = 7F6BB6421851B4D5006D565F /* CoreGraphics.framework */; };
		7F6BB6451851B4D5006D565F /* UIKit.framework in Frameworks */ = {isa = PBXBuildFile; fileRef = 7F6BB6441851B4D5006D565F /* UIKit.framework */; };
		7F6BB64B1851B4D5006D565F /* InfoPlist.strings in Resources */ = {isa = PBXBuildFile; fileRef = 7F6BB6491851B4D5006D565F /* InfoPlist.strings */; };
		7F6BB64D1851B4D5006D565F /* main.m in Sources */ = {isa = PBXBuildFile; fileRef = 7F6BB64C1851B4D5006D565F /* main.m */; };
		7F6BB6511851B4D5006D565F /* EQAppDelegate.m in Sources */ = {isa = PBXBuildFile; fileRef = 7F6BB6501851B4D5006D565F /* EQAppDelegate.m */; };
		7F6BB6541851B4D5006D565F /* Main.storyboard in Resources */ = {isa = PBXBuildFile; fileRef = 7F6BB6521851B4D5006D565F /* Main.storyboard */; };
		7F6BB6571851B4D5006D565F /* EQViewController.m in Sources */ = {isa = PBXBuildFile; fileRef = 7F6BB6561851B4D5006D565F /* EQViewController.m */; };
		7F6BB6591851B4D5006D565F /* Images.xcassets in Resources */ = {isa = PBXBuildFile; fileRef = 7F6BB6581851B4D5006D565F /* Images.xcassets */; };
		7F6BB6601851B4D5006D565F /* XCTest.framework in Frameworks */ = {isa = PBXBuildFile; fileRef = 7F6BB65F1851B4D5006D565F /* XCTest.framework */; };
		7F6BB6611851B4D5006D565F /* Foundation.framework in Frameworks */ = {isa = PBXBuildFile; fileRef = 7F6BB6401851B4D5006D565F /* Foundation.framework */; };
		7F6BB6621851B4D5006D565F /* UIKit.framework in Frameworks */ = {isa = PBXBuildFile; fileRef = 7F6BB6441851B4D5006D565F /* UIKit.framework */; };
		7F6BB66A1851B4D5006D565F /* InfoPlist.strings in Resources */ = {isa = PBXBuildFile; fileRef = 7F6BB6681851B4D5006D565F /* InfoPlist.strings */; };
		7F6BB66C1851B4D5006D565F /* EqxQuotingAppTests.m in Sources */ = {isa = PBXBuildFile; fileRef = 7F6BB66B1851B4D5006D565F /* EqxQuotingAppTests.m */; };
/* End PBXBuildFile section */

/* Begin PBXContainerItemProxy section */
		7F6BB6631851B4D5006D565F /* PBXContainerItemProxy */ = {
			isa = PBXContainerItemProxy;
			containerPortal = 7F6BB6351851B4D5006D565F /* Project object */;
			proxyType = 1;
			remoteGlobalIDString = 7F6BB63C1851B4D5006D565F;
			remoteInfo = EqxQuotingApp;
		};
/* End PBXContainerItemProxy section */

/* Begin PBXFileReference section */
		7F6BB63D1851B4D5006D565F /* EqxQuotingApp.app */ = {isa = PBXFileReference; explicitFileType = wrapper.application; includeInIndex = 0; path = EqxQuotingApp.app; sourceTree = BUILT_PRODUCTS_DIR; };
		7F6BB6401851B4D5006D565F /* Foundation.framework */ = {isa = PBXFileReference; lastKnownFileType = wrapper.framework; name = Foundation.framework; path = System/Library/Frameworks/Foundation.framework; sourceTree = SDKROOT; };
		7F6BB6421851B4D5006D565F /* CoreGraphics.framework */ = {isa = PBXFileReference; lastKnownFileType = wrapper.framework; name = CoreGraphics.framework; path = System/Library/Frameworks/CoreGraphics.framework; sourceTree = SDKROOT; };
		7F6BB6441851B4D5006D565F /* UIKit.framework */ = {isa = PBXFileReference; lastKnownFileType = wrapper.framework; name = UIKit.framework; path = System/Library/Frameworks/UIKit.framework; sourceTree = SDKROOT; };
		7F6BB6481851B4D5006D565F /* EqxQuotingApp-Info.plist */ = {isa = PBXFileReference; lastKnownFileType = text.plist.xml; path = "EqxQuotingApp-Info.plist"; sourceTree = "<group>"; };
		7F6BB64A1851B4D5006D565F /* en */ = {isa = PBXFileReference; lastKnownFileType = text.plist.strings; name = en; path = en.lproj/InfoPlist.strings; sourceTree = "<group>"; };
		7F6BB64C1851B4D5006D565F /* main.m */ = {isa = PBXFileReference; lastKnownFileType = sourcecode.c.objc; path = main.m; sourceTree = "<group>"; };
		7F6BB64E1851B4D5006D565F /* EqxQuotingApp-Prefix.pch */ = {isa = PBXFileReference; lastKnownFileType = sourcecode.c.h; path = "EqxQuotingApp-Prefix.pch"; sourceTree = "<group>"; };
		7F6BB64F1851B4D5006D565F /* EQAppDelegate.h */ = {isa = PBXFileReference; lastKnownFileType = sourcecode.c.h; path = EQAppDelegate.h; sourceTree = "<group>"; };
		7F6BB6501851B4D5006D565F /* EQAppDelegate.m */ = {isa = PBXFileReference; lastKnownFileType = sourcecode.c.objc; path = EQAppDelegate.m; sourceTree = "<group>"; };
		7F6BB6531851B4D5006D565F /* Base */ = {isa = PBXFileReference; lastKnownFileType = file.storyboard; name = Base; path = Base.lproj/Main.storyboard; sourceTree = "<group>"; };
		7F6BB6551851B4D5006D565F /* EQViewController.h */ = {isa = PBXFileReference; lastKnownFileType = sourcecode.c.h; path = EQViewController.h; sourceTree = "<group>"; };
		7F6BB6561851B4D5006D565F /* EQViewController.m */ = {isa = PBXFileReference; lastKnownFileType = sourcecode.c.objc; path = EQViewController.m; sourceTree = "<group>"; };
		7F6BB6581851B4D5006D565F /* Images.xcassets */ = {isa = PBXFileReference; lastKnownFileType = folder.assetcatalog; path = Images.xcassets; sourceTree = "<group>"; };
		7F6BB65E1851B4D5006D565F /* EqxQuotingAppTests.xctest */ = {isa = PBXFileReference; explicitFileType = wrapper.cfbundle; includeInIndex = 0; path = EqxQuotingAppTests.xctest; sourceTree = BUILT_PRODUCTS_DIR; };
		7F6BB65F1851B4D5006D565F /* XCTest.framework */ = {isa = PBXFileReference; lastKnownFileType = wrapper.framework; name = XCTest.framework; path = Library/Frameworks/XCTest.framework; sourceTree = DEVELOPER_DIR; };
		7F6BB6671851B4D5006D565F /* EqxQuotingAppTests-Info.plist */ = {isa = PBXFileReference; lastKnownFileType = text.plist.xml; path = "EqxQuotingAppTests-Info.plist"; sourceTree = "<group>"; };
		7F6BB6691851B4D5006D565F /* en */ = {isa = PBXFileReference; lastKnownFileType = text.plist.strings; name = en; path = en.lproj/InfoPlist.strings; sourceTree = "<group>"; };
		7F6BB66B1851B4D5006D565F /* EqxQuotingAppTests.m */ = {isa = PBXFileReference; lastKnownFileType = sourcecode.c.objc; path = EqxQuotingAppTests.m; sourceTree = "<group>"; };
/* End PBXFileReference section */

/* Begin PBXFrameworksBuildPhase section */
		7F6BB63A1851B4D5006D565F /* Frameworks */ = {
			isa = PBXFrameworksBuildPhase;
			buildActionMask = 2147483647;
			files = (
				7F6BB6431851B4D5006D565F /* CoreGraphics.framework in Frameworks */,
				7F6BB6451851B4D5006D565F /* UIKit.framework in Frameworks */,
				7F6BB6411851B4D5006D565F /* Foundation.framework in Frameworks */,
			);
			runOnlyForDeploymentPostprocessing = 0;
		};
		7F6BB65B1851B4D5006D565F /* Frameworks */ = {
			isa = PBXFrameworksBuildPhase;
			buildActionMask = 2147483647;
			files = (
				7F6BB6601851B4D5006D565F /* XCTest.framework in Frameworks */,
				7F6BB6621851B4D5006D565F /* UIKit.framework in Frameworks */,
				7F6BB6611851B4D5006D565F /* Foundation.framework in Frameworks */,
			);
			runOnlyForDeploymentPostprocessing = 0;
		};
/* End PBXFrameworksBuildPhase section */

/* Begin PBXGroup section */
		7F6BB6341851B4D5006D565F = {
			isa = PBXGroup;
			children = (
				7F6BB6461851B4D5006D565F /* EqxQuotingApp */,
				7F6BB6651851B4D5006D565F /* EqxQuotingAppTests */,
				7F6BB63F1851B4D5006D565F /* Frameworks */,
				7F6BB63E1851B4D5006D565F /* Products */,
			);
			sourceTree = "<group>";
		};
		7F6BB63E1851B4D5006D565F /* Products */ = {
			isa = PBXGroup;
			children = (
				7F6BB63D1851B4D5006D565F /* EqxQuotingApp.app */,
				7F6BB65E1851B4D5006D565F /* EqxQuotingAppTests.xctest */,
			);
			name = Products;
			sourceTree = "<group>";
		};
		7F6BB63F1851B4D5006D565F /* Frameworks */ = {
			isa = PBXGroup;
			children = (
				7F6BB6401851B4D5006D565F /* Foundation.framework */,
				7F6BB6421851B4D5006D565F /* CoreGraphics.framework */,
				7F6BB6441851B4D5006D565F /* UIKit.framework */,
				7F6BB65F1851B4D5006D565F /* XCTest.framework */,
			);
			name = Frameworks;
			sourceTree = "<group>";
		};
		7F6BB6461851B4D5006D565F /* EqxQuotingApp */ = {
			isa = PBXGroup;
			children = (
				7F6BB64F1851B4D5006D565F /* EQAppDelegate.h */,
				7F6BB6501851B4D5006D565F /* EQAppDelegate.m */,
				7F6BB6521851B4D5006D565F /* Main.storyboard */,
				7F6BB6551851B4D5006D565F /* EQViewController.h */,
				7F6BB6561851B4D5006D565F /* EQViewController.m */,
				7F6BB6581851B4D5006D565F /* Images.xcassets */,
				7F6BB6471851B4D5006D565F /* Supporting Files */,
			);
			path = EqxQuotingApp;
			sourceTree = "<group>";
		};
		7F6BB6471851B4D5006D565F /* Supporting Files */ = {
			isa = PBXGroup;
			children = (
				7F6BB6481851B4D5006D565F /* EqxQuotingApp-Info.plist */,
				7F6BB6491851B4D5006D565F /* InfoPlist.strings */,
				7F6BB64C1851B4D5006D565F /* main.m */,
				7F6BB64E1851B4D5006D565F /* EqxQuotingApp-Prefix.pch */,
			);
			name = "Supporting Files";
			sourceTree = "<group>";
		};
		7F6BB6651851B4D5006D565F /* EqxQuotingAppTests */ = {
			isa = PBXGroup;
			children = (
				7F6BB66B1851B4D5006D565F /* EqxQuotingAppTests.m */,
				7F6BB6661851B4D5006D565F /* Supporting Files */,
			);
			path = EqxQuotingAppTests;
			sourceTree = "<group>";
		};
		7F6BB6661851B4D5006D565F /* Supporting Files */ = {
			isa = PBXGroup;
			children = (
				7F6BB6671851B4D5006D565F /* EqxQuotingAppTests-Info.plist */,
				7F6BB6681851B4D5006D565F /* InfoPlist.strings */,
			);
			name = "Supporting Files";
			sourceTree = "<group>";
		};
/* End PBXGroup section */

/* Begin PBXNativeTarget section */
		7F6BB63C1851B4D5006D565F /* EqxQuotingApp */ = {
			isa = PBXNativeTarget;
			buildConfigurationList = 7F6BB66F1851B4D5006D565F /* Build configuration list for PBXNativeTarget "EqxQuotingApp" */;
			buildPhases = (
				7F6BB6391851B4D5006D565F /* Sources */,
				7F6BB63A1851B4D5006D565F /* Frameworks */,
				7F6BB63B1851B4D5006D565F /* Resources */,
			);
			buildRules = (
			);
			dependencies = (
			);
			name = EqxQuotingApp;
			productName = EqxQuotingApp;
			productReference = 7F6BB63D1851B4D5006D565F /* EqxQuotingApp.app */;
			productType = "com.apple.product-type.application";
		};
		7F6BB65D1851B4D5006D565F /* EqxQuotingAppTests */ = {
			isa = PBXNativeTarget;
			buildConfigurationList = 7F6BB6721851B4D5006D565F /* Build configuration list for PBXNativeTarget "EqxQuotingAppTests" */;
			buildPhases = (
				7F6BB65A1851B4D5006D565F /* Sources */,
				7F6BB65B1851B4D5006D565F /* Frameworks */,
				7F6BB65C1851B4D5006D565F /* Resources */,
			);
			buildRules = (
			);
			dependencies = (
				7F6BB6641851B4D5006D565F /* PBXTargetDependency */,
			);
			name = EqxQuotingAppTests;
			productName = EqxQuotingAppTests;
			productReference = 7F6BB65E1851B4D5006D565F /* EqxQuotingAppTests.xctest */;
			productType = "com.apple.product-type.bundle.unit-test";
		};
/* End PBXNativeTarget section */

/* Begin PBXProject section */
		7F6BB6351851B4D5006D565F /* Project object */ = {
			isa = PBXProject;
			attributes = {
				CLASSPREFIX = EQ;
				LastUpgradeCheck = 0500;
				ORGANIZATIONNAME = Equinix;
				TargetAttributes = {
					7F6BB65D1851B4D5006D565F = {
						TestTargetID = 7F6BB63C1851B4D5006D565F;
					};
				};
			};
			buildConfigurationList = 7F6BB6381851B4D5006D565F /* Build configuration list for PBXProject "EqxQuotingApp" */;
			compatibilityVersion = "Xcode 3.2";
			developmentRegion = English;
			hasScannedForEncodings = 0;
			knownRegions = (
				en,
				Base,
			);
			mainGroup = 7F6BB6341851B4D5006D565F;
			productRefGroup = 7F6BB63E1851B4D5006D565F /* Products */;
			projectDirPath = "";
			projectRoot = "";
			targets = (
				7F6BB63C1851B4D5006D565F /* EqxQuotingApp */,
				7F6BB65D1851B4D5006D565F /* EqxQuotingAppTests */,
			);
		};
/* End PBXProject section */

/* Begin PBXResourcesBuildPhase section */
		7F6BB63B1851B4D5006D565F /* Resources */ = {
			isa = PBXResourcesBuildPhase;
			buildActionMask = 2147483647;
			files = (
				7F6BB6591851B4D5006D565F /* Images.xcassets in Resources */,
				7F6BB64B1851B4D5006D565F /* InfoPlist.strings in Resources */,
				7F6BB6541851B4D5006D565F /* Main.storyboard in Resources */,
			);
			runOnlyForDeploymentPostprocessing = 0;
		};
		7F6BB65C1851B4D5006D565F /* Resources */ = {
			isa = PBXResourcesBuildPhase;
			buildActionMask = 2147483647;
			files = (
				7F6BB66A1851B4D5006D565F /* InfoPlist.strings in Resources */,
			);
			runOnlyForDeploymentPostprocessing = 0;
		};
/* End PBXResourcesBuildPhase section */

/* Begin PBXSourcesBuildPhase section */
		7F6BB6391851B4D5006D565F /* Sources */ = {
			isa = PBXSourcesBuildPhase;
			buildActionMask = 2147483647;
			files = (
				7F6BB6571851B4D5006D565F /* EQViewController.m in Sources */,
				7F6BB6511851B4D5006D565F /* EQAppDelegate.m in Sources */,
				7F6BB64D1851B4D5006D565F /* main.m in Sources */,
			);
			runOnlyForDeploymentPostprocessing = 0;
		};
		7F6BB65A1851B4D5006D565F /* Sources */ = {
			isa = PBXSourcesBuildPhase;
			buildActionMask = 2147483647;
			files = (
				7F6BB66C1851B4D5006D565F /* EqxQuotingAppTests.m in Sources */,
			);
			runOnlyForDeploymentPostprocessing = 0;
		};
/* End PBXSourcesBuildPhase section */

/* Begin PBXTargetDependency section */
		7F6BB6641851B4D5006D565F /* PBXTargetDependency */ = {
			isa = PBXTargetDependency;
			target = 7F6BB63C1851B4D5006D565F /* EqxQuotingApp */;
			targetProxy = 7F6BB6631851B4D5006D565F /* PBXContainerItemProxy */;
		};
/* End PBXTargetDependency section */

/* Begin PBXVariantGroup section */
		7F6BB6491851B4D5006D565F /* InfoPlist.strings */ = {
			isa = PBXVariantGroup;
			children = (
				7F6BB64A1851B4D5006D565F /* en */,
			);
			name = InfoPlist.strings;
			sourceTree = "<group>";
		};
		7F6BB6521851B4D5006D565F /* Main.storyboard */ = {
			isa = PBXVariantGroup;
			children = (
				7F6BB6531851B4D5006D565F /* Base */,
			);
			name = Main.storyboard;
			sourceTree = "<group>";
		};
		7F6BB6681851B4D5006D565F /* InfoPlist.strings */ = {
			isa = PBXVariantGroup;
			children = (
				7F6BB6691851B4D5006D565F /* en */,
			);
			name = InfoPlist.strings;
			sourceTree = "<group>";
		};
/* End PBXVariantGroup section */

/* Begin XCBuildConfiguration section */
		7F6BB66D1851B4D5006D565F /* Debug */ = {
			isa = XCBuildConfiguration;
			buildSettings = {
				ALWAYS_SEARCH_USER_PATHS = NO;
				ARCHS = "$(ARCHS_STANDARD_INCLUDING_64_BIT)";
				CLANG_CXX_LANGUAGE_STANDARD = "gnu++0x";
				CLANG_CXX_LIBRARY = "libc++";
				CLANG_ENABLE_MODULES = YES;
				CLANG_ENABLE_OBJC_ARC = YES;
				CLANG_WARN_BOOL_CONVERSION = YES;
				CLANG_WARN_CONSTANT_CONVERSION = YES;
				CLANG_WARN_DIRECT_OBJC_ISA_USAGE = YES_ERROR;
				CLANG_WARN_EMPTY_BODY = YES;
				CLANG_WARN_ENUM_CONVERSION = YES;
				CLANG_WARN_INT_CONVERSION = YES;
				CLANG_WARN_OBJC_ROOT_CLASS = YES_ERROR;
				CLANG_WARN__DUPLICATE_METHOD_MATCH = YES;
				"CODE_SIGN_IDENTITY[sdk=iphoneos*]" = "iPhone Developer";
				COPY_PHASE_STRIP = NO;
				GCC_C_LANGUAGE_STANDARD = gnu99;
				GCC_DYNAMIC_NO_PIC = NO;
				GCC_OPTIMIZATION_LEVEL = 0;
				GCC_PREPROCESSOR_DEFINITIONS = (
					"DEBUG=1",
					"$(inherited)",
				);
				GCC_SYMBOLS_PRIVATE_EXTERN = NO;
				GCC_WARN_64_TO_32_BIT_CONVERSION = YES;
				GCC_WARN_ABOUT_RETURN_TYPE = YES_ERROR;
				GCC_WARN_UNDECLARED_SELECTOR = YES;
				GCC_WARN_UNINITIALIZED_AUTOS = YES;
				GCC_WARN_UNUSED_FUNCTION = YES;
				GCC_WARN_UNUSED_VARIABLE = YES;
				IPHONEOS_DEPLOYMENT_TARGET = 7.0;
				ONLY_ACTIVE_ARCH = YES;
				SDKROOT = iphoneos;
				TARGETED_DEVICE_FAMILY = 2;
			};
			name = Debug;
		};
		7F6BB66E1851B4D5006D565F /* Release */ = {
			isa = XCBuildConfiguration;
			buildSettings = {
				ALWAYS_SEARCH_USER_PATHS = NO;
				ARCHS = "$(ARCHS_STANDARD_INCLUDING_64_BIT)";
				CLANG_CXX_LANGUAGE_STANDARD = "gnu++0x";
				CLANG_CXX_LIBRARY = "libc++";
				CLANG_ENABLE_MODULES = YES;
				CLANG_ENABLE_OBJC_ARC = YES;
				CLANG_WARN_BOOL_CONVERSION = YES;
				CLANG_WARN_CONSTANT_CONVERSION = YES;
				CLANG_WARN_DIRECT_OBJC_ISA_USAGE = YES_ERROR;
				CLANG_WARN_EMPTY_BODY = YES;
				CLANG_WARN_ENUM_CONVERSION = YES;
				CLANG_WARN_INT_CONVERSION = YES;
				CLANG_WARN_OBJC_ROOT_CLASS = YES_ERROR;
				CLANG_WARN__DUPLICATE_METHOD_MATCH = YES;
				"CODE_SIGN_IDENTITY[sdk=iphoneos*]" = "iPhone Developer";
				COPY_PHASE_STRIP = YES;
				ENABLE_NS_ASSERTIONS = NO;
				GCC_C_LANGUAGE_STANDARD = gnu99;
				GCC_WARN_64_TO_32_BIT_CONVERSION = YES;
				GCC_WARN_ABOUT_RETURN_TYPE = YES_ERROR;
				GCC_WARN_UNDECLARED_SELECTOR = YES;
				GCC_WARN_UNINITIALIZED_AUTOS = YES;
				GCC_WARN_UNUSED_FUNCTION = YES;
				GCC_WARN_UNUSED_VARIABLE = YES;
				IPHONEOS_DEPLOYMENT_TARGET = 7.0;
				SDKROOT = iphoneos;
				TARGETED_DEVICE_FAMILY = 2;
				VALIDATE_PRODUCT = YES;
			};
			name = Release;
		};
		7F6BB6701851B4D5006D565F /* Debug */ = {
			isa = XCBuildConfiguration;
			buildSettings = {
				ASSETCATALOG_COMPILER_APPICON_NAME = AppIcon;
				ASSETCATALOG_COMPILER_LAUNCHIMAGE_NAME = LaunchImage;
				GCC_PRECOMPILE_PREFIX_HEADER = YES;
				GCC_PREFIX_HEADER = "EqxQuotingApp/EqxQuotingApp-Prefix.pch";
				INFOPLIST_FILE = "EqxQuotingApp/EqxQuotingApp-Info.plist";
				PRODUCT_NAME = "$(TARGET_NAME)";
				WRAPPER_EXTENSION = app;
			};
			name = Debug;
		};
		7F6BB6711851B4D5006D565F /* Release */ = {
			isa = XCBuildConfiguration;
			buildSettings = {
				ASSETCATALOG_COMPILER_APPICON_NAME = AppIcon;
				ASSETCATALOG_COMPILER_LAUNCHIMAGE_NAME = LaunchImage;
				GCC_PRECOMPILE_PREFIX_HEADER = YES;
				GCC_PREFIX_HEADER = "EqxQuotingApp/EqxQuotingApp-Prefix.pch";
				INFOPLIST_FILE = "EqxQuotingApp/EqxQuotingApp-Info.plist";
				PRODUCT_NAME = "$(TARGET_NAME)";
				WRAPPER_EXTENSION = app;
			};
			name = Release;
		};
		7F6BB6731851B4D5006D565F /* Debug */ = {
			isa = XCBuildConfiguration;
			buildSettings = {
				ARCHS = "$(ARCHS_STANDARD_INCLUDING_64_BIT)";
				BUNDLE_LOADER = "$(BUILT_PRODUCTS_DIR)/EqxQuotingApp.app/EqxQuotingApp";
				FRAMEWORK_SEARCH_PATHS = (
					"$(SDKROOT)/Developer/Library/Frameworks",
					"$(inherited)",
					"$(DEVELOPER_FRAMEWORKS_DIR)",
				);
				GCC_PRECOMPILE_PREFIX_HEADER = YES;
				GCC_PREFIX_HEADER = "EqxQuotingApp/EqxQuotingApp-Prefix.pch";
				GCC_PREPROCESSOR_DEFINITIONS = (
					"DEBUG=1",
					"$(inherited)",
				);
				INFOPLIST_FILE = "EqxQuotingAppTests/EqxQuotingAppTests-Info.plist";
				PRODUCT_NAME = "$(TARGET_NAME)";
				TEST_HOST = "$(BUNDLE_LOADER)";
				WRAPPER_EXTENSION = xctest;
			};
			name = Debug;
		};
		7F6BB6741851B4D5006D565F /* Release */ = {
			isa = XCBuildConfiguration;
			buildSettings = {
				ARCHS = "$(ARCHS_STANDARD_INCLUDING_64_BIT)";
				BUNDLE_LOADER = "$(BUILT_PRODUCTS_DIR)/EqxQuotingApp.app/EqxQuotingApp";
				FRAMEWORK_SEARCH_PATHS = (
					"$(SDKROOT)/Developer/Library/Frameworks",
					"$(inherited)",
					"$(DEVELOPER_FRAMEWORKS_DIR)",
				);
				GCC_PRECOMPILE_PREFIX_HEADER = YES;
				GCC_PREFIX_HEADER = "EqxQuotingApp/EqxQuotingApp-Prefix.pch";
				INFOPLIST_FILE = "EqxQuotingAppTests/EqxQuotingAppTests-Info.plist";
				PRODUCT_NAME = "$(TARGET_NAME)";
				TEST_HOST = "$(BUNDLE_LOADER)";
				WRAPPER_EXTENSION = xctest;
			};
			name = Release;
		};
/* End XCBuildConfiguration section */

/* Begin XCConfigurationList section */
		7F6BB6381851B4D5006D565F /* Build configuration list for PBXProject "EqxQuotingApp" */ = {
			isa = XCConfigurationList;
			buildConfigurations = (
				7F6BB66D1851B4D5006D565F /* Debug */,
				7F6BB66E1851B4D5006D565F /* Release */,
			);
			defaultConfigurationIsVisible = 0;
			defaultConfigurationName = Release;
		};
		7F6BB66F1851B4D5006D565F /* Build configuration list for PBXNativeTarget "EqxQuotingApp" */ = {
			isa = XCConfigurationList;
			buildConfigurations = (
				7F6BB6701851B4D5006D565F /* Debug */,
				7F6BB6711851B4D5006D565F /* Release */,
			);
			defaultConfigurationIsVisible = 0;
		};
		7F6BB6721851B4D5006D565F /* Build configuration list for PBXNativeTarget "EqxQuotingAppTests" */ = {
			isa = XCConfigurationList;
			buildConfigurations = (
				7F6BB6731851B4D5006D565F /* Debug */,
				7F6BB6741851B4D5006D565F /* Release */,
			);
			defaultConfigurationIsVisible = 0;
		};
/* End XCConfigurationList section */
	};
	rootObject = 7F6BB6351851B4D5006D565F /* Project object */;
}
